# This file is automatically @generated by Cargo.
# It is not intended for manual editing.
version = 4

[[package]]
name = "strfmt"
version = "0.2.5"
source = "registry+https://github.com/rust-lang/crates.io-index"
checksum = "29fdc163db75f7b5ffa3daf0c5a7136fb0d4b2f35523cd1769da05e034159feb"

[[package]]
name = "user-rs"
version = "0.1.0"
dependencies = [
 "strfmt",
]
